PODS:
  - Alamofire (4.9.1)
  - Kingfisher (5.9.0):
    - Kingfisher/Core (= 5.9.0)
  - Kingfisher/Core (5.9.0)
  - Moya (13.0.1):
    - Moya/Core (= 13.0.1)
  - Moya/Core (13.0.1):
    - Alamofire (~> 4.1)
    - Result (~> 4.1)
  - Nimble (8.0.4)
  - Quick (2.2.0)
  - ReachabilitySwift (5.0.0)
  - Realm (4.0.0):
    - Realm/Headers (= 4.0.0)
  - Realm/Headers (4.0.0)
  - RealmSwift (4.0.0):
    - Realm (= 4.0.0)
  - Result (4.1.0)
  - RxBlocking (5.0.1):
    - RxSwift (~> 5)
  - RxCocoa (5.0.1):
    - RxRelay (~> 5)
    - RxSwift (~> 5)
  - RxRelay (5.0.1):
    - RxSwift (~> 5)
  - RxSwift (5.0.1)
  - SpecLeaks (0.1.8):
    - Nimble
    - Quick
  - Swinject (2.7.1)
  - SwinjectStoryboard (2.2.0):
    - Swinject (~> 2.7.1)

DEPENDENCIES:
  - Kingfisher (~> 5.0)
  - Moya (~> 13.0)
  - Nimble
  - Quick
  - ReachabilitySwift
  - RealmSwift
  - RxBlocking (~> 5)
  - RxCocoa (~> 5)
  - RxSwift (~> 5)
  - SpecLeaks
  - Swinject (~> 2.7.1)
  - SwinjectStoryboard (from `https://github.com/Swinject/SwinjectStoryboard`, branch `master`)

SPEC REPOS:
  trunk:
    - Alamofire
    - Kingfisher
    - Moya
    - Nimble
    - Quick
    - ReachabilitySwift
    - Realm
    - RealmSwift
    - Result
    - RxBlocking
    - RxCocoa
    - RxRelay
    - RxSwift
    - SpecLeaks
    - Swinject

EXTERNAL SOURCES:
  SwinjectStoryboard:
    :branch: master
    :git: https://github.com/Swinject/SwinjectStoryboard

CHECKOUT OPTIONS:
  SwinjectStoryboard:
    :commit: 0ca45c83a8aa398c153d8a036c95abb4343cfa0c
    :git: https://github.com/Swinject/SwinjectStoryboard

SPEC CHECKSUMS:
  Alamofire: 85e8a02c69d6020a0d734f6054870d7ecb75cf18
  Kingfisher: ff98240aebb7302bdc4f1ecd701761030ce18b16
  Moya: f4a4b80ff2f8a4ffc208dfb31cd91636622fee6e
  Nimble: 18d5360282923225d62b09d781f63abc1a0111fc
  Quick: 7fb19e13be07b5dfb3b90d4f9824c855a11af40e
  ReachabilitySwift: 985039c6f7b23a1da463388634119492ff86c825
  Realm: 0c5b8f398daeec5b29824e41c453ff9e126e31d8
  RealmSwift: 02e1f604f7091ec535145055764ca53efa8cdc92
  Result: bd966fac789cc6c1563440b348ab2598cc24d5c7
  RxBlocking: c5e090f42d046df8b0e7752742510f349963710f
  RxCocoa: e741b9749968e8a143e2b787f1dfbff2b63d0a5c
  RxRelay: 89d54507f4fd4d969e6ec1d4bd7f3673640b4640
  RxSwift: e2dc62b366a3adf6a0be44ba9f405efd4c94e0c4
  SpecLeaks: 0fa048f06b1adb36d8d3e86e039b5f67bf74bb06
  Swinject: ddf78b8486dd9b71a667b852cad919ab4484478e
  SwinjectStoryboard: f0d5b1c16459949d6ff1cbb6610107946b18e1f8

PODFILE CHECKSUM: 4ee12bf46704614d7fe115318a53d044fae46ce2

COCOAPODS: 1.8.4
