PODS:
  - Alamofire (4.9.0)
  - Differentiator (4.0.1)
  - Kingfisher (5.8.2):
    - Kingfisher/Core (= 5.8.2)
  - Kingfisher/Core (5.8.2)
  - Moya (13.0.1):
    - Moya/Core (= 13.0.1)
  - Moya/Core (13.0.1):
    - Alamofire (~> 4.1)
    - Result (~> 4.1)
  - Nimble (8.0.4)
  - Quick (2.2.0)
  - ReachabilitySwift (5.0.0)
  - Realm (4.0.0):
    - Realm/Headers (= 4.0.0)
  - Realm/Headers (4.0.0)
  - RealmSwift (4.0.0):
    - Realm (= 4.0.0)
  - Result (4.1.0)
  - RxBlocking (5.0.0):
    - RxSwift (~> 5)
  - RxCocoa (5.0.0):
    - RxRelay (~> 5)
    - RxSwift (~> 5)
  - RxDataSources (4.0.1):
    - Differentiator (~> 4.0)
    - RxCocoa (~> 5.0)
    - RxSwift (~> 5.0)
  - RxRelay (5.0.0):
    - RxSwift (~> 5)
  - RxSwift (5.0.0)
  - Swinject (2.7.1)
  - SwinjectStoryboard (2.2.0):
    - Swinject (~> 2.6)

DEPENDENCIES:
  - Kingfisher (~> 5.0)
  - Moya (~> 13.0)
  - Nimble
  - Quick
  - ReachabilitySwift
  - RealmSwift
  - RxBlocking (~> 5)
  - RxCocoa (~> 5)
  - RxDataSources (~> 4.0)
  - RxSwift (~> 5)
  - Swinject (~> 2.7.1)
  - SwinjectStoryboard (~> 2.2.0)

SPEC REPOS:
  https://github.com/CocoaPods/Specs.git:
    - Alamofire
    - Differentiator
    - Kingfisher
    - Moya
    - Nimble
    - Quick
    - Result
    - RxBlocking
    - RxCocoa
    - RxDataSources
    - RxRelay
    - RxSwift
    - Swinject
    - SwinjectStoryboard
  trunk:
    - ReachabilitySwift
    - Realm
    - RealmSwift

SPEC CHECKSUMS:
  Alamofire: afc3e7c6db61476cb45cdd23fed06bad03bbc321
  Differentiator: 886080237d9f87f322641dedbc5be257061b0602
  Kingfisher: 3adc15096595f5aed800bb0d5cb757fc58b2d2dd
  Moya: f4a4b80ff2f8a4ffc208dfb31cd91636622fee6e
  Nimble: 18d5360282923225d62b09d781f63abc1a0111fc
  Quick: 7fb19e13be07b5dfb3b90d4f9824c855a11af40e
  ReachabilitySwift: 985039c6f7b23a1da463388634119492ff86c825
  Realm: 0c5b8f398daeec5b29824e41c453ff9e126e31d8
  RealmSwift: 02e1f604f7091ec535145055764ca53efa8cdc92
  Result: bd966fac789cc6c1563440b348ab2598cc24d5c7
  RxBlocking: c67185d26498ea3cbe3e121917c3c16739e43123
  RxCocoa: fcf32050ac00d801f34a7f71d5e8e7f23026dcd8
  RxDataSources: efee07fa4de48477eca0a4611e6d11e2da9c1114
  RxRelay: 4f7409406a51a55cd88483f21ed898c234d60f18
  RxSwift: 8b0671caa829a763bbce7271095859121cbd895f
  Swinject: ddf78b8486dd9b71a667b852cad919ab4484478e
  SwinjectStoryboard: 32512ef16c2b0ff5b8f823b23539c4a50f6d3383

PODFILE CHECKSUM: 5c269a28f40593406ea7cfade943497c6f6f7a66

COCOAPODS: 1.8.4
