// !$*UTF8*$!
{
	archiveVersion = 1;
	classes = {
	};
	objectVersion = 51;
	objects = {

/* Begin PBXBuildFile section */
		1A3643A82380055E000E66ED /* ArticlesListViewModelTest.swift in Sources */ = {isa = PBXBuildFile; fileRef = 1A3643A72380055E000E66ED /* ArticlesListViewModelTest.swift */; };
		1A3643AA23800737000E66ED /* ArticleViewModelTest.swift in Sources */ = {isa = PBXBuildFile; fileRef = 1A3643A923800737000E66ED /* ArticleViewModelTest.swift */; };
		1A3643AC238008C0000E66ED /* MediaTest.swift in Sources */ = {isa = PBXBuildFile; fileRef = 1A3643AB238008C0000E66ED /* MediaTest.swift */; };
		1A3643AE238008CE000E66ED /* MetadataTest.swift in Sources */ = {isa = PBXBuildFile; fileRef = 1A3643AD238008CE000E66ED /* MetadataTest.swift */; };
		1A3643B0238008FE000E66ED /* media.json in Resources */ = {isa = PBXBuildFile; fileRef = 1A3643AF238008FE000E66ED /* media.json */; };
		1A3643B22380090E000E66ED /* metadata.json in Resources */ = {isa = PBXBuildFile; fileRef = 1A3643B12380090E000E66ED /* metadata.json */; };
		1A3643B523800B7C000E66ED /* ArticlesListServiceTest.swift in Sources */ = {isa = PBXBuildFile; fileRef = 1A3643B423800B7B000E66ED /* ArticlesListServiceTest.swift */; };
		1A3643B823800CAC000E66ED /* ViewControllerTest.swift in Sources */ = {isa = PBXBuildFile; fileRef = 1A3643B723800CAC000E66ED /* ViewControllerTest.swift */; };
		1A3643BA23800D57000E66ED /* ViewControllerTest+SetUp.swift in Sources */ = {isa = PBXBuildFile; fileRef = 1A3643B923800D57000E66ED /* ViewControllerTest+SetUp.swift */; };
		1A3643C223800E2E000E66ED /* AnalyzeLeak.swift in Sources */ = {isa = PBXBuildFile; fileRef = 1A3643BC23800E2E000E66ED /* AnalyzeLeak.swift */; };
		1A3643C323800E2E000E66ED /* Matchers.swift in Sources */ = {isa = PBXBuildFile; fileRef = 1A3643BD23800E2E000E66ED /* Matchers.swift */; };
		1A3643C423800E2E000E66ED /* LeaksAnalyzer.swift in Sources */ = {isa = PBXBuildFile; fileRef = 1A3643BE23800E2E000E66ED /* LeaksAnalyzer.swift */; };
		1A3643C523800E2E000E66ED /* LeakTest.swift in Sources */ = {isa = PBXBuildFile; fileRef = 1A3643BF23800E2E000E66ED /* LeakTest.swift */; };
		1A3643C623800E2E000E66ED /* AnalyzeLeakAction.swift in Sources */ = {isa = PBXBuildFile; fileRef = 1A3643C023800E2E000E66ED /* AnalyzeLeakAction.swift */; };
		1A3643C723800E2E000E66ED /* Expectation+Leaks.swift in Sources */ = {isa = PBXBuildFile; fileRef = 1A3643C123800E2E000E66ED /* Expectation+Leaks.swift */; };
		1A3F0D88237D84D2000D8733 /* HomeCoordinator.swift in Sources */ = {isa = PBXBuildFile; fileRef = 1A3F0D87237D84D2000D8733 /* HomeCoordinator.swift */; };
		1A3F0D8A237D852C000D8733 /* ArticlesListVC.swift in Sources */ = {isa = PBXBuildFile; fileRef = 1A3F0D89237D852C000D8733 /* ArticlesListVC.swift */; };
		1A3F0D8E237D85B2000D8733 /* ArticlesListService.swift in Sources */ = {isa = PBXBuildFile; fileRef = 1A3F0D8D237D85B2000D8733 /* ArticlesListService.swift */; };
		1A3F0D90237D85DA000D8733 /* articleList.json in Resources */ = {isa = PBXBuildFile; fileRef = 1A3F0D8F237D85DA000D8733 /* articleList.json */; };
		1A3F0D92237D8609000D8733 /* MockJsonFile.swift in Sources */ = {isa = PBXBuildFile; fileRef = 1A3F0D91237D8609000D8733 /* MockJsonFile.swift */; };
		1A3F0D94237D8807000D8733 /* ArticlesListViewModel.swift in Sources */ = {isa = PBXBuildFile; fileRef = 1A3F0D93237D8807000D8733 /* ArticlesListViewModel.swift */; };
		1A3F0D9E237DCA87000D8733 /* Media.swift in Sources */ = {isa = PBXBuildFile; fileRef = 1A3F0D9B237DCA87000D8733 /* Media.swift */; };
		1A3F0D9F237DCA87000D8733 /* Article.swift in Sources */ = {isa = PBXBuildFile; fileRef = 1A3F0D9C237DCA87000D8733 /* Article.swift */; };
		1A3F0DA0237DCA87000D8733 /* Metadata.swift in Sources */ = {isa = PBXBuildFile; fileRef = 1A3F0D9D237DCA87000D8733 /* Metadata.swift */; };
		1A3F0DA2237DD493000D8733 /* ArticleViewModel.swift in Sources */ = {isa = PBXBuildFile; fileRef = 1A3F0DA1237DD493000D8733 /* ArticleViewModel.swift */; };
		1A3F0DA4237DDC58000D8733 /* Extension+Collection.swift in Sources */ = {isa = PBXBuildFile; fileRef = 1A3F0DA3237DDC58000D8733 /* Extension+Collection.swift */; };
		1A3F0DA6237DDDAD000D8733 /* Extension+Date.swift in Sources */ = {isa = PBXBuildFile; fileRef = 1A3F0DA5237DDDAD000D8733 /* Extension+Date.swift */; };
		1A3F0DA8237DDDD3000D8733 /* K+Enum.swift in Sources */ = {isa = PBXBuildFile; fileRef = 1A3F0DA7237DDDD3000D8733 /* K+Enum.swift */; };
		1A3F0DAA237DE2F1000D8733 /* Extension+RX.swift in Sources */ = {isa = PBXBuildFile; fileRef = 1A3F0DA9237DE2F1000D8733 /* Extension+RX.swift */; };
		1A3F0DAD237F0B3A000D8733 /* ArticleListTableViewCell.swift in Sources */ = {isa = PBXBuildFile; fileRef = 1A3F0DAB237F0B3A000D8733 /* ArticleListTableViewCell.swift */; };
		1A3F0DAE237F0B3A000D8733 /* ArticleListTableViewCell.xib in Resources */ = {isa = PBXBuildFile; fileRef = 1A3F0DAC237F0B3A000D8733 /* ArticleListTableViewCell.xib */; };
		1A3F0DB0237F13FC000D8733 /* Home.storyboard in Resources */ = {isa = PBXBuildFile; fileRef = 1A3F0DAF237F13FC000D8733 /* Home.storyboard */; };
		1A3F0DB2237F1F15000D8733 /* ThrowableDecodable.swift in Sources */ = {isa = PBXBuildFile; fileRef = 1A3F0DB1237F1F15000D8733 /* ThrowableDecodable.swift */; };
		1A3F0DB4237F215D000D8733 /* NestedDecodable.swift in Sources */ = {isa = PBXBuildFile; fileRef = 1A3F0DB3237F215D000D8733 /* NestedDecodable.swift */; };
		1A89B39A23559D2C0001C7E5 /* Extension+View.swift in Sources */ = {isa = PBXBuildFile; fileRef = 1A89B39923559D2C0001C7E5 /* Extension+View.swift */; };
		1A969B23237FB37700CA824F /* ArticleDetailViewModel.swift in Sources */ = {isa = PBXBuildFile; fileRef = 1A969B22237FB37700CA824F /* ArticleDetailViewModel.swift */; };
		1A969B25237FBF2700CA824F /* ArticleDetailVC.swift in Sources */ = {isa = PBXBuildFile; fileRef = 1A969B24237FBF2700CA824F /* ArticleDetailVC.swift */; };
		1A969B28237FF8D600CA824F /* article.json in Resources */ = {isa = PBXBuildFile; fileRef = 1A969B27237FF8D600CA824F /* article.json */; };
		1A969B35237FFCAF00CA824F /* ArticleTest.swift in Sources */ = {isa = PBXBuildFile; fileRef = 1A969B34237FFCAF00CA824F /* ArticleTest.swift */; };
		1ADC851D234C58650019AC62 /* AppDelegate.swift in Sources */ = {isa = PBXBuildFile; fileRef = 1ADC851C234C58650019AC62 /* AppDelegate.swift */; };
		1ADC8526234C58670019AC62 /* Assets.xcassets in Resources */ = {isa = PBXBuildFile; fileRef = 1ADC8525234C58670019AC62 /* Assets.xcassets */; };
		1ADC8529234C58670019AC62 /* LaunchScreen.storyboard in Resources */ = {isa = PBXBuildFile; fileRef = 1ADC8527234C58670019AC62 /* LaunchScreen.storyboard */; };
		1ADC8550234D99690019AC62 /* AppDelegate+Setup.swift in Sources */ = {isa = PBXBuildFile; fileRef = 1ADC854F234D99690019AC62 /* AppDelegate+Setup.swift */; };
		1ADC8553234D9A2D0019AC62 /* Coordinator.swift in Sources */ = {isa = PBXBuildFile; fileRef = 1ADC8552234D9A2D0019AC62 /* Coordinator.swift */; };
		1ADC8555234D9A6D0019AC62 /* AppCoordinator.swift in Sources */ = {isa = PBXBuildFile; fileRef = 1ADC8554234D9A6D0019AC62 /* AppCoordinator.swift */; };
		1ADC8557234D9C150019AC62 /* BaseCoordinator.swift in Sources */ = {isa = PBXBuildFile; fileRef = 1ADC8556234D9C150019AC62 /* BaseCoordinator.swift */; };
		1ADC8563234D9DDE0019AC62 /* Extension+Swinject.swift in Sources */ = {isa = PBXBuildFile; fileRef = 1ADC8562234D9DDE0019AC62 /* Extension+Swinject.swift */; };
		1ADC8566234D9E100019AC62 /* StoryboardLoadable.swift in Sources */ = {isa = PBXBuildFile; fileRef = 1ADC8565234D9E100019AC62 /* StoryboardLoadable.swift */; };
		1ADC8568234D9FFC0019AC62 /* K+Credential.swift in Sources */ = {isa = PBXBuildFile; fileRef = 1ADC8567234D9FFC0019AC62 /* K+Credential.swift */; };
		1ADC8571234DC5CD0019AC62 /* AlertMessage.swift in Sources */ = {isa = PBXBuildFile; fileRef = 1ADC8570234DC5CD0019AC62 /* AlertMessage.swift */; };
		1ADC8579234DCAF80019AC62 /* Extension+Cell.swift in Sources */ = {isa = PBXBuildFile; fileRef = 1ADC8578234DCAF70019AC62 /* Extension+Cell.swift */; };
		1ADC857F234DCF730019AC62 /* Extension+Json.swift in Sources */ = {isa = PBXBuildFile; fileRef = 1ADC857E234DCF730019AC62 /* Extension+Json.swift */; };
		1AE382C9235AC694000F8124 /* K+Color.swift in Sources */ = {isa = PBXBuildFile; fileRef = 1AE382C8235AC694000F8124 /* K+Color.swift */; };
		69AF6BE9083D044002F1F77E /* Pods_NyBestArticlesTests.framework in Frameworks */ = {isa = PBXBuildFile; fileRef = 4ABB6D911698C4E53638B3AB /* Pods_NyBestArticlesTests.framework */; };
		DF9E85114F6365BD4C4CDCD1 /* Pods_NyBestArticles.framework in Frameworks */ = {isa = PBXBuildFile; fileRef = 192208605A4C86E497F29731 /* Pods_NyBestArticles.framework */; };
/* End PBXBuildFile section */

/* Begin PBXContainerItemProxy section */
		1A969B37237FFCAF00CA824F /* PBXContainerItemProxy */ = {
			isa = PBXContainerItemProxy;
			containerPortal = 1ADC8511234C58650019AC62 /* Project object */;
			proxyType = 1;
			remoteGlobalIDString = 1ADC8518234C58650019AC62;
			remoteInfo = NyBestArticles;
		};
/* End PBXContainerItemProxy section */

/* Begin PBXFileReference section */
		06AF3C071C7722EE82D68405 /* Pods-NyBestArticlesTests.debug.xcconfig */ = {isa = PBXFileReference; includeInIndex = 1; lastKnownFileType = text.xcconfig; name = "Pods-NyBestArticlesTests.debug.xcconfig"; path = "Target Support Files/Pods-NyBestArticlesTests/Pods-NyBestArticlesTests.debug.xcconfig"; sourceTree = "<group>"; };
		192208605A4C86E497F29731 /* Pods_NyBestArticles.framework */ = {isa = PBXFileReference; explicitFileType = wrapper.framework; includeInIndex = 0; path = Pods_NyBestArticles.framework; sourceTree = BUILT_PRODUCTS_DIR; };
		1A3643A72380055E000E66ED /* ArticlesListViewModelTest.swift */ = {isa = PBXFileReference; lastKnownFileType = sourcecode.swift; path = ArticlesListViewModelTest.swift; sourceTree = "<group>"; };
		1A3643A923800737000E66ED /* ArticleViewModelTest.swift */ = {isa = PBXFileReference; lastKnownFileType = sourcecode.swift; path = ArticleViewModelTest.swift; sourceTree = "<group>"; };
		1A3643AB238008C0000E66ED /* MediaTest.swift */ = {isa = PBXFileReference; lastKnownFileType = sourcecode.swift; path = MediaTest.swift; sourceTree = "<group>"; };
		1A3643AD238008CE000E66ED /* MetadataTest.swift */ = {isa = PBXFileReference; lastKnownFileType = sourcecode.swift; path = MetadataTest.swift; sourceTree = "<group>"; };
		1A3643AF238008FE000E66ED /* media.json */ = {isa = PBXFileReference; lastKnownFileType = text.json; path = media.json; sourceTree = "<group>"; };
		1A3643B12380090E000E66ED /* metadata.json */ = {isa = PBXFileReference; lastKnownFileType = text.json; path = metadata.json; sourceTree = "<group>"; };
		1A3643B423800B7B000E66ED /* ArticlesListServiceTest.swift */ = {isa = PBXFileReference; lastKnownFileType = sourcecode.swift; path = ArticlesListServiceTest.swift; sourceTree = "<group>"; };
		1A3643B723800CAC000E66ED /* ViewControllerTest.swift */ = {isa = PBXFileReference; lastKnownFileType = sourcecode.swift; path = ViewControllerTest.swift; sourceTree = "<group>"; };
		1A3643B923800D57000E66ED /* ViewControllerTest+SetUp.swift */ = {isa = PBXFileReference; lastKnownFileType = sourcecode.swift; path = "ViewControllerTest+SetUp.swift"; sourceTree = "<group>"; };
		1A3643BC23800E2E000E66ED /* AnalyzeLeak.swift */ = {isa = PBXFileReference; fileEncoding = 4; lastKnownFileType = sourcecode.swift; path = AnalyzeLeak.swift; sourceTree = "<group>"; };
		1A3643BD23800E2E000E66ED /* Matchers.swift */ = {isa = PBXFileReference; fileEncoding = 4; lastKnownFileType = sourcecode.swift; path = Matchers.swift; sourceTree = "<group>"; };
		1A3643BE23800E2E000E66ED /* LeaksAnalyzer.swift */ = {isa = PBXFileReference; fileEncoding = 4; lastKnownFileType = sourcecode.swift; path = LeaksAnalyzer.swift; sourceTree = "<group>"; };
		1A3643BF23800E2E000E66ED /* LeakTest.swift */ = {isa = PBXFileReference; fileEncoding = 4; lastKnownFileType = sourcecode.swift; path = LeakTest.swift; sourceTree = "<group>"; };
		1A3643C023800E2E000E66ED /* AnalyzeLeakAction.swift */ = {isa = PBXFileReference; fileEncoding = 4; lastKnownFileType = sourcecode.swift; path = AnalyzeLeakAction.swift; sourceTree = "<group>"; };
		1A3643C123800E2E000E66ED /* Expectation+Leaks.swift */ = {isa = PBXFileReference; fileEncoding = 4; lastKnownFileType = sourcecode.swift; path = "Expectation+Leaks.swift"; sourceTree = "<group>"; };
		1A3F0D87237D84D2000D8733 /* HomeCoordinator.swift */ = {isa = PBXFileReference; lastKnownFileType = sourcecode.swift; path = HomeCoordinator.swift; sourceTree = "<group>"; };
		1A3F0D89237D852C000D8733 /* ArticlesListVC.swift */ = {isa = PBXFileReference; lastKnownFileType = sourcecode.swift; path = ArticlesListVC.swift; sourceTree = "<group>"; };
		1A3F0D8D237D85B2000D8733 /* ArticlesListService.swift */ = {isa = PBXFileReference; lastKnownFileType = sourcecode.swift; path = ArticlesListService.swift; sourceTree = "<group>"; };
		1A3F0D8F237D85DA000D8733 /* articleList.json */ = {isa = PBXFileReference; lastKnownFileType = text.json; path = articleList.json; sourceTree = "<group>"; };
		1A3F0D91237D8609000D8733 /* MockJsonFile.swift */ = {isa = PBXFileReference; lastKnownFileType = sourcecode.swift; path = MockJsonFile.swift; sourceTree = "<group>"; };
		1A3F0D93237D8807000D8733 /* ArticlesListViewModel.swift */ = {isa = PBXFileReference; lastKnownFileType = sourcecode.swift; path = ArticlesListViewModel.swift; sourceTree = "<group>"; };
		1A3F0D9B237DCA87000D8733 /* Media.swift */ = {isa = PBXFileReference; fileEncoding = 4; lastKnownFileType = sourcecode.swift; path = Media.swift; sourceTree = "<group>"; };
		1A3F0D9C237DCA87000D8733 /* Article.swift */ = {isa = PBXFileReference; fileEncoding = 4; lastKnownFileType = sourcecode.swift; path = Article.swift; sourceTree = "<group>"; };
		1A3F0D9D237DCA87000D8733 /* Metadata.swift */ = {isa = PBXFileReference; fileEncoding = 4; lastKnownFileType = sourcecode.swift; path = Metadata.swift; sourceTree = "<group>"; };
		1A3F0DA1237DD493000D8733 /* ArticleViewModel.swift */ = {isa = PBXFileReference; lastKnownFileType = sourcecode.swift; path = ArticleViewModel.swift; sourceTree = "<group>"; };
		1A3F0DA3237DDC58000D8733 /* Extension+Collection.swift */ = {isa = PBXFileReference; lastKnownFileType = sourcecode.swift; path = "Extension+Collection.swift"; sourceTree = "<group>"; };
		1A3F0DA5237DDDAD000D8733 /* Extension+Date.swift */ = {isa = PBXFileReference; lastKnownFileType = sourcecode.swift; path = "Extension+Date.swift"; sourceTree = "<group>"; };
		1A3F0DA7237DDDD3000D8733 /* K+Enum.swift */ = {isa = PBXFileReference; lastKnownFileType = sourcecode.swift; path = "K+Enum.swift"; sourceTree = "<group>"; };
		1A3F0DA9237DE2F1000D8733 /* Extension+RX.swift */ = {isa = PBXFileReference; lastKnownFileType = sourcecode.swift; path = "Extension+RX.swift"; sourceTree = "<group>"; };
		1A3F0DAB237F0B3A000D8733 /* ArticleListTableViewCell.swift */ = {isa = PBXFileReference; lastKnownFileType = sourcecode.swift; path = ArticleListTableViewCell.swift; sourceTree = "<group>"; };
		1A3F0DAC237F0B3A000D8733 /* ArticleListTableViewCell.xib */ = {isa = PBXFileReference; lastKnownFileType = file.xib; path = ArticleListTableViewCell.xib; sourceTree = "<group>"; };
		1A3F0DAF237F13FC000D8733 /* Home.storyboard */ = {isa = PBXFileReference; lastKnownFileType = file.storyboard; path = Home.storyboard; sourceTree = "<group>"; };
		1A3F0DB1237F1F15000D8733 /* ThrowableDecodable.swift */ = {isa = PBXFileReference; lastKnownFileType = sourcecode.swift; path = ThrowableDecodable.swift; sourceTree = "<group>"; };
		1A3F0DB3237F215D000D8733 /* NestedDecodable.swift */ = {isa = PBXFileReference; lastKnownFileType = sourcecode.swift; path = NestedDecodable.swift; sourceTree = "<group>"; };
		1A89B39923559D2C0001C7E5 /* Extension+View.swift */ = {isa = PBXFileReference; lastKnownFileType = sourcecode.swift; path = "Extension+View.swift"; sourceTree = "<group>"; };
		1A89B3A12355B9200001C7E5 /* NyBestArticlesTests.xctest */ = {isa = PBXFileReference; explicitFileType = wrapper.cfbundle; includeInIndex = 0; path = NyBestArticlesTests.xctest; sourceTree = BUILT_PRODUCTS_DIR; };
		1A89B3A52355B9200001C7E5 /* Info.plist */ = {isa = PBXFileReference; lastKnownFileType = text.plist.xml; path = Info.plist; sourceTree = "<group>"; };
		1A969B22237FB37700CA824F /* ArticleDetailViewModel.swift */ = {isa = PBXFileReference; lastKnownFileType = sourcecode.swift; path = ArticleDetailViewModel.swift; sourceTree = "<group>"; };
		1A969B24237FBF2700CA824F /* ArticleDetailVC.swift */ = {isa = PBXFileReference; lastKnownFileType = sourcecode.swift; path = ArticleDetailVC.swift; sourceTree = "<group>"; };
		1A969B27237FF8D600CA824F /* article.json */ = {isa = PBXFileReference; lastKnownFileType = text.json; path = article.json; sourceTree = "<group>"; };
		1A969B32237FFCAF00CA824F /* NyBestArticlesTests.xctest */ = {isa = PBXFileReference; explicitFileType = wrapper.cfbundle; includeInIndex = 0; path = NyBestArticlesTests.xctest; sourceTree = BUILT_PRODUCTS_DIR; };
		1A969B34237FFCAF00CA824F /* ArticleTest.swift */ = {isa = PBXFileReference; lastKnownFileType = sourcecode.swift; path = ArticleTest.swift; sourceTree = "<group>"; };
		1A969B36237FFCAF00CA824F /* Info.plist */ = {isa = PBXFileReference; lastKnownFileType = text.plist.xml; path = Info.plist; sourceTree = "<group>"; };
		1ADC8519234C58650019AC62 /* NyBestArticles.app */ = {isa = PBXFileReference; explicitFileType = wrapper.application; includeInIndex = 0; path = NyBestArticles.app; sourceTree = BUILT_PRODUCTS_DIR; };
		1ADC851C234C58650019AC62 /* AppDelegate.swift */ = {isa = PBXFileReference; lastKnownFileType = sourcecode.swift; path = AppDelegate.swift; sourceTree = "<group>"; };
		1ADC8525234C58670019AC62 /* Assets.xcassets */ = {isa = PBXFileReference; lastKnownFileType = folder.assetcatalog; path = Assets.xcassets; sourceTree = "<group>"; };
		1ADC8528234C58670019AC62 /* Base */ = {isa = PBXFileReference; lastKnownFileType = file.storyboard; name = Base; path = Base.lproj/LaunchScreen.storyboard; sourceTree = "<group>"; };
		1ADC852A234C58670019AC62 /* Info.plist */ = {isa = PBXFileReference; lastKnownFileType = text.plist.xml; path = Info.plist; sourceTree = "<group>"; };
		1ADC854F234D99690019AC62 /* AppDelegate+Setup.swift */ = {isa = PBXFileReference; lastKnownFileType = sourcecode.swift; path = "AppDelegate+Setup.swift"; sourceTree = "<group>"; };
		1ADC8552234D9A2D0019AC62 /* Coordinator.swift */ = {isa = PBXFileReference; lastKnownFileType = sourcecode.swift; path = Coordinator.swift; sourceTree = "<group>"; };
		1ADC8554234D9A6D0019AC62 /* AppCoordinator.swift */ = {isa = PBXFileReference; lastKnownFileType = sourcecode.swift; path = AppCoordinator.swift; sourceTree = "<group>"; };
		1ADC8556234D9C150019AC62 /* BaseCoordinator.swift */ = {isa = PBXFileReference; lastKnownFileType = sourcecode.swift; path = BaseCoordinator.swift; sourceTree = "<group>"; };
		1ADC8562234D9DDE0019AC62 /* Extension+Swinject.swift */ = {isa = PBXFileReference; lastKnownFileType = sourcecode.swift; path = "Extension+Swinject.swift"; sourceTree = "<group>"; };
		1ADC8565234D9E100019AC62 /* StoryboardLoadable.swift */ = {isa = PBXFileReference; lastKnownFileType = sourcecode.swift; path = StoryboardLoadable.swift; sourceTree = "<group>"; };
		1ADC8567234D9FFC0019AC62 /* K+Credential.swift */ = {isa = PBXFileReference; lastKnownFileType = sourcecode.swift; path = "K+Credential.swift"; sourceTree = "<group>"; };
		1ADC8570234DC5CD0019AC62 /* AlertMessage.swift */ = {isa = PBXFileReference; lastKnownFileType = sourcecode.swift; path = AlertMessage.swift; sourceTree = "<group>"; };
		1ADC8578234DCAF70019AC62 /* Extension+Cell.swift */ = {isa = PBXFileReference; lastKnownFileType = sourcecode.swift; path = "Extension+Cell.swift"; sourceTree = "<group>"; };
		1ADC857E234DCF730019AC62 /* Extension+Json.swift */ = {isa = PBXFileReference; lastKnownFileType = sourcecode.swift; path = "Extension+Json.swift"; sourceTree = "<group>"; };
		1AE382C8235AC694000F8124 /* K+Color.swift */ = {isa = PBXFileReference; lastKnownFileType = sourcecode.swift; path = "K+Color.swift"; sourceTree = "<group>"; };
		1B88B91617176ABDCE0B6802 /* Pods-NyBestArticles.debug.xcconfig */ = {isa = PBXFileReference; includeInIndex = 1; lastKnownFileType = text.xcconfig; name = "Pods-NyBestArticles.debug.xcconfig"; path = "Target Support Files/Pods-NyBestArticles/Pods-NyBestArticles.debug.xcconfig"; sourceTree = "<group>"; };
		3C6E23E841ED9663D0C66C15 /* Pods-NyBestArticles.release.xcconfig */ = {isa = PBXFileReference; includeInIndex = 1; lastKnownFileType = text.xcconfig; name = "Pods-NyBestArticles.release.xcconfig"; path = "Target Support Files/Pods-NyBestArticles/Pods-NyBestArticles.release.xcconfig"; sourceTree = "<group>"; };
		4ABB6D911698C4E53638B3AB /* Pods_NyBestArticlesTests.framework */ = {isa = PBXFileReference; explicitFileType = wrapper.framework; includeInIndex = 0; path = Pods_NyBestArticlesTests.framework; sourceTree = BUILT_PRODUCTS_DIR; };
		868616A4AB5A10B6E6111D1A /* Pods-NyBestArticlesTests.release.xcconfig */ = {isa = PBXFileReference; includeInIndex = 1; lastKnownFileType = text.xcconfig; name = "Pods-NyBestArticlesTests.release.xcconfig"; path = "Target Support Files/Pods-NyBestArticlesTests/Pods-NyBestArticlesTests.release.xcconfig"; sourceTree = "<group>"; };
/* End PBXFileReference section */

/* Begin PBXFrameworksBuildPhase section */
		1A969B2F237FFCAF00CA824F /* Frameworks */ = {
			isa = PBXFrameworksBuildPhase;
			buildActionMask = 2147483647;
			files = (
				69AF6BE9083D044002F1F77E /* Pods_NyBestArticlesTests.framework in Frameworks */,
			);
			runOnlyForDeploymentPostprocessing = 0;
		};
		1ADC8516234C58650019AC62 /* Frameworks */ = {
			isa = PBXFrameworksBuildPhase;
			buildActionMask = 2147483647;
			files = (
				DF9E85114F6365BD4C4CDCD1 /* Pods_NyBestArticles.framework in Frameworks */,
			);
			runOnlyForDeploymentPostprocessing = 0;
		};
/* End PBXFrameworksBuildPhase section */

/* Begin PBXGroup section */
		1A3643A52380052C000E66ED /* Model */ = {
			isa = PBXGroup;
			children = (
				1A969B34237FFCAF00CA824F /* ArticleTest.swift */,
				1A3643AB238008C0000E66ED /* MediaTest.swift */,
				1A3643AD238008CE000E66ED /* MetadataTest.swift */,
			);
			path = Model;
			sourceTree = "<group>";
		};
		1A3643A623800535000E66ED /* ViewModel */ = {
			isa = PBXGroup;
			children = (
				1A3643A72380055E000E66ED /* ArticlesListViewModelTest.swift */,
				1A3643A923800737000E66ED /* ArticleViewModelTest.swift */,
			);
			path = ViewModel;
			sourceTree = "<group>";
		};
		1A3643B323800B3B000E66ED /* Service */ = {
			isa = PBXGroup;
			children = (
				1A3643B423800B7B000E66ED /* ArticlesListServiceTest.swift */,
			);
			path = Service;
			sourceTree = "<group>";
		};
		1A3643B623800C8F000E66ED /* ViewController */ = {
			isa = PBXGroup;
			children = (
				1A3643BB23800E2E000E66ED /* SpeckLeaks */,
				1A3643B723800CAC000E66ED /* ViewControllerTest.swift */,
				1A3643B923800D57000E66ED /* ViewControllerTest+SetUp.swift */,
			);
			path = ViewController;
			sourceTree = "<group>";
		};
		1A3643BB23800E2E000E66ED /* SpeckLeaks */ = {
			isa = PBXGroup;
			children = (
				1A3643BC23800E2E000E66ED /* AnalyzeLeak.swift */,
				1A3643BD23800E2E000E66ED /* Matchers.swift */,
				1A3643BE23800E2E000E66ED /* LeaksAnalyzer.swift */,
				1A3643BF23800E2E000E66ED /* LeakTest.swift */,
				1A3643C023800E2E000E66ED /* AnalyzeLeakAction.swift */,
				1A3643C123800E2E000E66ED /* Expectation+Leaks.swift */,
			);
			path = SpeckLeaks;
			sourceTree = "<group>";
		};
		1A3F0D82237D8422000D8733 /* Service */ = {
			isa = PBXGroup;
			children = (
				1A3F0D87237D84D2000D8733 /* HomeCoordinator.swift */,
				1A3F0D8D237D85B2000D8733 /* ArticlesListService.swift */,
			);
			path = Service;
			sourceTree = "<group>";
		};
		1A3F0D83237D8427000D8733 /* ViewModel */ = {
			isa = PBXGroup;
			children = (
				1A3F0D93237D8807000D8733 /* ArticlesListViewModel.swift */,
				1A3F0DA1237DD493000D8733 /* ArticleViewModel.swift */,
				1A969B22237FB37700CA824F /* ArticleDetailViewModel.swift */,
			);
			path = ViewModel;
			sourceTree = "<group>";
		};
		1A3F0D84237D842C000D8733 /* Model */ = {
			isa = PBXGroup;
			children = (
				1A3F0D9C237DCA87000D8733 /* Article.swift */,
				1A3F0D9B237DCA87000D8733 /* Media.swift */,
				1A3F0D9D237DCA87000D8733 /* Metadata.swift */,
			);
			path = Model;
			sourceTree = "<group>";
		};
		1A3F0D85237D8439000D8733 /* View */ = {
			isa = PBXGroup;
			children = (
				1A3F0D89237D852C000D8733 /* ArticlesListVC.swift */,
				1A3F0DAB237F0B3A000D8733 /* ArticleListTableViewCell.swift */,
				1A3F0DAC237F0B3A000D8733 /* ArticleListTableViewCell.xib */,
				1A3F0DAF237F13FC000D8733 /* Home.storyboard */,
				1A969B24237FBF2700CA824F /* ArticleDetailVC.swift */,
			);
			path = View;
			sourceTree = "<group>";
		};
		1A969B33237FFCAF00CA824F /* NyBestArticlesTests */ = {
			isa = PBXGroup;
			children = (
				1A3643B623800C8F000E66ED /* ViewController */,
				1A3643B323800B3B000E66ED /* Service */,
				1A3643A623800535000E66ED /* ViewModel */,
				1A3643A52380052C000E66ED /* Model */,
				1A969B36237FFCAF00CA824F /* Info.plist */,
			);
			path = NyBestArticlesTests;
			sourceTree = "<group>";
		};
		1ADC8510234C58650019AC62 = {
			isa = PBXGroup;
			children = (
				1ADC851B234C58650019AC62 /* NyBestArticles */,
				1A969B33237FFCAF00CA824F /* NyBestArticlesTests */,
				1ADC851A234C58650019AC62 /* Products */,
				DE2B54AD7C6AD49759739684 /* Pods */,
				616DA5A7E8275C218A64DA99 /* Frameworks */,
			);
			sourceTree = "<group>";
		};
		1ADC851A234C58650019AC62 /* Products */ = {
			isa = PBXGroup;
			children = (
				1ADC8519234C58650019AC62 /* NyBestArticles.app */,
				1A969B32237FFCAF00CA824F /* NyBestArticlesTests.xctest */,
			);
			name = Products;
			sourceTree = "<group>";
		};
		1ADC851B234C58650019AC62 /* NyBestArticles */ = {
			isa = PBXGroup;
			children = (
				1ADC854E234C986D0019AC62 /* App */,
				1ADC854D234C985F0019AC62 /* Feature */,
				1ADC854C234C985A0019AC62 /* Shared */,
				1ADC8525234C58670019AC62 /* Assets.xcassets */,
				1ADC8527234C58670019AC62 /* LaunchScreen.storyboard */,
				1ADC852A234C58670019AC62 /* Info.plist */,
			);
			path = NyBestArticles;
			sourceTree = "<group>";
		};
		1ADC854C234C985A0019AC62 /* Shared */ = {
			isa = PBXGroup;
			children = (
				1ADC8594234F5E390019AC62 /* MockData */,
				1ADC856F234DC5B80019AC62 /* Support */,
				1ADC8564234D9DF60019AC62 /* Constant */,
				1ADC8561234D9DD10019AC62 /* Extension */,
				1ADC8551234D99B00019AC62 /* Coordinator */,
			);
			path = Shared;
			sourceTree = "<group>";
		};
		1ADC854D234C985F0019AC62 /* Feature */ = {
			isa = PBXGroup;
			children = (
				1A3F0D85237D8439000D8733 /* View */,
				1A3F0D84237D842C000D8733 /* Model */,
				1A3F0D83237D8427000D8733 /* ViewModel */,
				1A3F0D82237D8422000D8733 /* Service */,
			);
			path = Feature;
			sourceTree = "<group>";
		};
		1ADC854E234C986D0019AC62 /* App */ = {
			isa = PBXGroup;
			children = (
				1ADC851C234C58650019AC62 /* AppDelegate.swift */,
				1ADC854F234D99690019AC62 /* AppDelegate+Setup.swift */,
			);
			path = App;
			sourceTree = "<group>";
		};
		1ADC8551234D99B00019AC62 /* Coordinator */ = {
			isa = PBXGroup;
			children = (
				1ADC8552234D9A2D0019AC62 /* Coordinator.swift */,
				1ADC8554234D9A6D0019AC62 /* AppCoordinator.swift */,
				1ADC8556234D9C150019AC62 /* BaseCoordinator.swift */,
			);
			path = Coordinator;
			sourceTree = "<group>";
		};
		1ADC8561234D9DD10019AC62 /* Extension */ = {
			isa = PBXGroup;
			children = (
				1ADC8562234D9DDE0019AC62 /* Extension+Swinject.swift */,
				1ADC8578234DCAF70019AC62 /* Extension+Cell.swift */,
				1ADC857E234DCF730019AC62 /* Extension+Json.swift */,
				1A89B39923559D2C0001C7E5 /* Extension+View.swift */,
				1A3F0DA3237DDC58000D8733 /* Extension+Collection.swift */,
				1A3F0DA5237DDDAD000D8733 /* Extension+Date.swift */,
				1A3F0DA9237DE2F1000D8733 /* Extension+RX.swift */,
			);
			path = Extension;
			sourceTree = "<group>";
		};
		1ADC8564234D9DF60019AC62 /* Constant */ = {
			isa = PBXGroup;
			children = (
				1ADC8565234D9E100019AC62 /* StoryboardLoadable.swift */,
				1ADC8567234D9FFC0019AC62 /* K+Credential.swift */,
				1AE382C8235AC694000F8124 /* K+Color.swift */,
				1A3F0DA7237DDDD3000D8733 /* K+Enum.swift */,
			);
			path = Constant;
			sourceTree = "<group>";
		};
		1ADC856F234DC5B80019AC62 /* Support */ = {
			isa = PBXGroup;
			children = (
				1ADC8570234DC5CD0019AC62 /* AlertMessage.swift */,
				1A3F0DB1237F1F15000D8733 /* ThrowableDecodable.swift */,
				1A3F0DB3237F215D000D8733 /* NestedDecodable.swift */,
			);
			path = Support;
			sourceTree = "<group>";
		};
		1ADC8594234F5E390019AC62 /* MockData */ = {
			isa = PBXGroup;
			children = (
				1A3F0D8F237D85DA000D8733 /* articleList.json */,
				1A3F0D91237D8609000D8733 /* MockJsonFile.swift */,
				1A969B27237FF8D600CA824F /* article.json */,
				1A3643AF238008FE000E66ED /* media.json */,
				1A3643B12380090E000E66ED /* metadata.json */,
			);
			path = MockData;
			sourceTree = "<group>";
		};
		616DA5A7E8275C218A64DA99 /* Frameworks */ = {
			isa = PBXGroup;
			children = (
				192208605A4C86E497F29731 /* Pods_NyBestArticles.framework */,
				4ABB6D911698C4E53638B3AB /* Pods_NyBestArticlesTests.framework */,
			);
			name = Frameworks;
			sourceTree = "<group>";
		};
		DE2B54AD7C6AD49759739684 /* Pods */ = {
			isa = PBXGroup;
			children = (
				1B88B91617176ABDCE0B6802 /* Pods-NyBestArticles.debug.xcconfig */,
				3C6E23E841ED9663D0C66C15 /* Pods-NyBestArticles.release.xcconfig */,
				06AF3C071C7722EE82D68405 /* Pods-NyBestArticlesTests.debug.xcconfig */,
				868616A4AB5A10B6E6111D1A /* Pods-NyBestArticlesTests.release.xcconfig */,
			);
			path = Pods;
			sourceTree = "<group>";
		};
/* End PBXGroup section */

/* Begin PBXNativeTarget section */
		1A969B31237FFCAF00CA824F /* NyBestArticlesTests */ = {
			isa = PBXNativeTarget;
			buildConfigurationList = 1A969B39237FFCAF00CA824F /* Build configuration list for PBXNativeTarget "NyBestArticlesTests" */;
			buildPhases = (
				3896A3BE2645586B7C27E811 /* [CP] Check Pods Manifest.lock */,
				1A969B2E237FFCAF00CA824F /* Sources */,
				1A969B2F237FFCAF00CA824F /* Frameworks */,
				1A969B30237FFCAF00CA824F /* Resources */,
				566DC4FA4CA8B4704DCBCEBD /* [CP] Embed Pods Frameworks */,
			);
			buildRules = (
			);
			dependencies = (
				1A969B38237FFCAF00CA824F /* PBXTargetDependency */,
			);
			name = NyBestArticlesTests;
			productName = NyBestArticlesTests;
			productReference = 1A969B32237FFCAF00CA824F /* NyBestArticlesTests.xctest */;
			productType = "com.apple.product-type.bundle.unit-test";
		};
		1ADC8518234C58650019AC62 /* NyBestArticles */ = {
			isa = PBXNativeTarget;
			buildConfigurationList = 1ADC8543234C58670019AC62 /* Build configuration list for PBXNativeTarget "NyBestArticles" */;
			buildPhases = (
				71455D8E64531E8880F2A137 /* [CP] Check Pods Manifest.lock */,
				1ADC8515234C58650019AC62 /* Sources */,
				1ADC8516234C58650019AC62 /* Frameworks */,
				1ADC8517234C58650019AC62 /* Resources */,
				1120A6604E6C3A75F643019E /* [CP] Embed Pods Frameworks */,
			);
			buildRules = (
			);
			dependencies = (
			);
			name = NyBestArticles;
			productName = NyBestArticles;
			productReference = 1ADC8519234C58650019AC62 /* NyBestArticles.app */;
			productType = "com.apple.product-type.application";
		};
/* End PBXNativeTarget section */

/* Begin PBXProject section */
		1ADC8511234C58650019AC62 /* Project object */ = {
			isa = PBXProject;
			attributes = {
				LastSwiftUpdateCheck = 1120;
				LastUpgradeCheck = 1100;
				ORGANIZATIONNAME = "Sadman Samee";
				TargetAttributes = {
					1A969B31237FFCAF00CA824F = {
						CreatedOnToolsVersion = 11.2.1;
						TestTargetID = 1ADC8518234C58650019AC62;
					};
					1ADC8518234C58650019AC62 = {
						CreatedOnToolsVersion = 11.0;
					};
				};
			};
			buildConfigurationList = 1ADC8514234C58650019AC62 /* Build configuration list for PBXProject "NyBestArticles" */;
			compatibilityVersion = "Xcode 9.3";
			developmentRegion = en;
			hasScannedForEncodings = 0;
			knownRegions = (
				en,
				Base,
			);
			mainGroup = 1ADC8510234C58650019AC62;
			productRefGroup = 1ADC851A234C58650019AC62 /* Products */;
			projectDirPath = "";
			projectRoot = "";
			targets = (
				1ADC8518234C58650019AC62 /* NyBestArticles */,
				1A969B31237FFCAF00CA824F /* NyBestArticlesTests */,
			);
		};
/* End PBXProject section */

/* Begin PBXResourcesBuildPhase section */
		1A969B30237FFCAF00CA824F /* Resources */ = {
			isa = PBXResourcesBuildPhase;
			buildActionMask = 2147483647;
			files = (
			);
			runOnlyForDeploymentPostprocessing = 0;
		};
		1ADC8517234C58650019AC62 /* Resources */ = {
			isa = PBXResourcesBuildPhase;
			buildActionMask = 2147483647;
			files = (
				1A3F0DAE237F0B3A000D8733 /* ArticleListTableViewCell.xib in Resources */,
				1A3F0DB0237F13FC000D8733 /* Home.storyboard in Resources */,
				1A969B28237FF8D600CA824F /* article.json in Resources */,
				1A3643B0238008FE000E66ED /* media.json in Resources */,
				1A3F0D90237D85DA000D8733 /* articleList.json in Resources */,
				1ADC8529234C58670019AC62 /* LaunchScreen.storyboard in Resources */,
				1A3643B22380090E000E66ED /* metadata.json in Resources */,
				1ADC8526234C58670019AC62 /* Assets.xcassets in Resources */,
			);
			runOnlyForDeploymentPostprocessing = 0;
		};
/* End PBXResourcesBuildPhase section */

/* Begin PBXShellScriptBuildPhase section */
		1120A6604E6C3A75F643019E /* [CP] Embed Pods Frameworks */ = {
			isa = PBXShellScriptBuildPhase;
			buildActionMask = 2147483647;
			files = (
			);
			inputFileListPaths = (
				"${PODS_ROOT}/Target Support Files/Pods-NyBestArticles/Pods-NyBestArticles-frameworks-${CONFIGURATION}-input-files.xcfilelist",
			);
			name = "[CP] Embed Pods Frameworks";
			outputFileListPaths = (
				"${PODS_ROOT}/Target Support Files/Pods-NyBestArticles/Pods-NyBestArticles-frameworks-${CONFIGURATION}-output-files.xcfilelist",
			);
			runOnlyForDeploymentPostprocessing = 0;
			shellPath = /bin/sh;
			shellScript = "\"${PODS_ROOT}/Target Support Files/Pods-NyBestArticles/Pods-NyBestArticles-frameworks.sh\"\n";
			showEnvVarsInLog = 0;
		};
		3896A3BE2645586B7C27E811 /* [CP] Check Pods Manifest.lock */ = {
			isa = PBXShellScriptBuildPhase;
			buildActionMask = 2147483647;
			files = (
			);
			inputFileListPaths = (
			);
			inputPaths = (
				"${PODS_PODFILE_DIR_PATH}/Podfile.lock",
				"${PODS_ROOT}/Manifest.lock",
			);
			name = "[CP] Check Pods Manifest.lock";
			outputFileListPaths = (
			);
			outputPaths = (
				"$(DERIVED_FILE_DIR)/Pods-NyBestArticlesTests-checkManifestLockResult.txt",
			);
			runOnlyForDeploymentPostprocessing = 0;
			shellPath = /bin/sh;
			shellScript = "diff \"${PODS_PODFILE_DIR_PATH}/Podfile.lock\" \"${PODS_ROOT}/Manifest.lock\" > /dev/null\nif [ $? != 0 ] ; then\n    # print error to STDERR\n    echo \"error: The sandbox is not in sync with the Podfile.lock. Run 'pod install' or update your CocoaPods installation.\" >&2\n    exit 1\nfi\n# This output is used by Xcode 'outputs' to avoid re-running this script phase.\necho \"SUCCESS\" > \"${SCRIPT_OUTPUT_FILE_0}\"\n";
			showEnvVarsInLog = 0;
		};
		566DC4FA4CA8B4704DCBCEBD /* [CP] Embed Pods Frameworks */ = {
			isa = PBXShellScriptBuildPhase;
			buildActionMask = 2147483647;
			files = (
			);
			inputFileListPaths = (
				"${PODS_ROOT}/Target Support Files/Pods-NyBestArticlesTests/Pods-NyBestArticlesTests-frameworks-${CONFIGURATION}-input-files.xcfilelist",
			);
			name = "[CP] Embed Pods Frameworks";
			outputFileListPaths = (
				"${PODS_ROOT}/Target Support Files/Pods-NyBestArticlesTests/Pods-NyBestArticlesTests-frameworks-${CONFIGURATION}-output-files.xcfilelist",
			);
			runOnlyForDeploymentPostprocessing = 0;
			shellPath = /bin/sh;
			shellScript = "\"${PODS_ROOT}/Target Support Files/Pods-NyBestArticlesTests/Pods-NyBestArticlesTests-frameworks.sh\"\n";
			showEnvVarsInLog = 0;
		};
		71455D8E64531E8880F2A137 /* [CP] Check Pods Manifest.lock */ = {
			isa = PBXShellScriptBuildPhase;
			buildActionMask = 2147483647;
			files = (
			);
			inputFileListPaths = (
			);
			inputPaths = (
				"${PODS_PODFILE_DIR_PATH}/Podfile.lock",
				"${PODS_ROOT}/Manifest.lock",
			);
			name = "[CP] Check Pods Manifest.lock";
			outputFileListPaths = (
			);
			outputPaths = (
				"$(DERIVED_FILE_DIR)/Pods-NyBestArticles-checkManifestLockResult.txt",
			);
			runOnlyForDeploymentPostprocessing = 0;
			shellPath = /bin/sh;
			shellScript = "diff \"${PODS_PODFILE_DIR_PATH}/Podfile.lock\" \"${PODS_ROOT}/Manifest.lock\" > /dev/null\nif [ $? != 0 ] ; then\n    # print error to STDERR\n    echo \"error: The sandbox is not in sync with the Podfile.lock. Run 'pod install' or update your CocoaPods installation.\" >&2\n    exit 1\nfi\n# This output is used by Xcode 'outputs' to avoid re-running this script phase.\necho \"SUCCESS\" > \"${SCRIPT_OUTPUT_FILE_0}\"\n";
			showEnvVarsInLog = 0;
		};
/* End PBXShellScriptBuildPhase section */

/* Begin PBXSourcesBuildPhase section */
		1A969B2E237FFCAF00CA824F /* Sources */ = {
			isa = PBXSourcesBuildPhase;
			buildActionMask = 2147483647;
			files = (
				1A3643B823800CAC000E66ED /* ViewControllerTest.swift in Sources */,
				1A3643B523800B7C000E66ED /* ArticlesListServiceTest.swift in Sources */,
				1A3643C523800E2E000E66ED /* LeakTest.swift in Sources */,
				1A3643C723800E2E000E66ED /* Expectation+Leaks.swift in Sources */,
				1A3643C323800E2E000E66ED /* Matchers.swift in Sources */,
				1A3643C223800E2E000E66ED /* AnalyzeLeak.swift in Sources */,
				1A3643AA23800737000E66ED /* ArticleViewModelTest.swift in Sources */,
				1A3643AE238008CE000E66ED /* MetadataTest.swift in Sources */,
				1A3643BA23800D57000E66ED /* ViewControllerTest+SetUp.swift in Sources */,
				1A969B35237FFCAF00CA824F /* ArticleTest.swift in Sources */,
				1A3643C423800E2E000E66ED /* LeaksAnalyzer.swift in Sources */,
				1A3643C623800E2E000E66ED /* AnalyzeLeakAction.swift in Sources */,
				1A3643AC238008C0000E66ED /* MediaTest.swift in Sources */,
				1A3643A82380055E000E66ED /* ArticlesListViewModelTest.swift in Sources */,
			);
			runOnlyForDeploymentPostprocessing = 0;
		};
		1ADC8515234C58650019AC62 /* Sources */ = {
			isa = PBXSourcesBuildPhase;
			buildActionMask = 2147483647;
			files = (
				1A3F0D9E237DCA87000D8733 /* Media.swift in Sources */,
				1ADC8563234D9DDE0019AC62 /* Extension+Swinject.swift in Sources */,
				1ADC857F234DCF730019AC62 /* Extension+Json.swift in Sources */,
				1A3F0D8A237D852C000D8733 /* ArticlesListVC.swift in Sources */,
				1A3F0D9F237DCA87000D8733 /* Article.swift in Sources */,
				1A3F0D94237D8807000D8733 /* ArticlesListViewModel.swift in Sources */,
				1ADC8553234D9A2D0019AC62 /* Coordinator.swift in Sources */,
				1A3F0DA2237DD493000D8733 /* ArticleViewModel.swift in Sources */,
				1A969B23237FB37700CA824F /* ArticleDetailViewModel.swift in Sources */,
				1A3F0DAD237F0B3A000D8733 /* ArticleListTableViewCell.swift in Sources */,
				1A3F0DA0237DCA87000D8733 /* Metadata.swift in Sources */,
				1A3F0DB2237F1F15000D8733 /* ThrowableDecodable.swift in Sources */,
				1A3F0DB4237F215D000D8733 /* NestedDecodable.swift in Sources */,
				1ADC8557234D9C150019AC62 /* BaseCoordinator.swift in Sources */,
				1A3F0DA8237DDDD3000D8733 /* K+Enum.swift in Sources */,
				1A89B39A23559D2C0001C7E5 /* Extension+View.swift in Sources */,
				1A3F0D88237D84D2000D8733 /* HomeCoordinator.swift in Sources */,
				1A3F0DA4237DDC58000D8733 /* Extension+Collection.swift in Sources */,
				1ADC8555234D9A6D0019AC62 /* AppCoordinator.swift in Sources */,
				1A3F0D92237D8609000D8733 /* MockJsonFile.swift in Sources */,
				1A3F0D8E237D85B2000D8733 /* ArticlesListService.swift in Sources */,
				1A3F0DAA237DE2F1000D8733 /* Extension+RX.swift in Sources */,
				1A969B25237FBF2700CA824F /* ArticleDetailVC.swift in Sources */,
				1ADC8571234DC5CD0019AC62 /* AlertMessage.swift in Sources */,
				1ADC8566234D9E100019AC62 /* StoryboardLoadable.swift in Sources */,
				1ADC8579234DCAF80019AC62 /* Extension+Cell.swift in Sources */,
				1ADC851D234C58650019AC62 /* AppDelegate.swift in Sources */,
				1AE382C9235AC694000F8124 /* K+Color.swift in Sources */,
				1A3F0DA6237DDDAD000D8733 /* Extension+Date.swift in Sources */,
				1ADC8568234D9FFC0019AC62 /* K+Credential.swift in Sources */,
				1ADC8550234D99690019AC62 /* AppDelegate+Setup.swift in Sources */,
			);
			runOnlyForDeploymentPostprocessing = 0;
		};
/* End PBXSourcesBuildPhase section */

/* Begin PBXTargetDependency section */
		1A969B38237FFCAF00CA824F /* PBXTargetDependency */ = {
			isa = PBXTargetDependency;
			target = 1ADC8518234C58650019AC62 /* NyBestArticles */;
			targetProxy = 1A969B37237FFCAF00CA824F /* PBXContainerItemProxy */;
		};
/* End PBXTargetDependency section */

/* Begin PBXVariantGroup section */
		1ADC8527234C58670019AC62 /* LaunchScreen.storyboard */ = {
			isa = PBXVariantGroup;
			children = (
				1ADC8528234C58670019AC62 /* Base */,
			);
			name = LaunchScreen.storyboard;
			sourceTree = "<group>";
		};
/* End PBXVariantGroup section */

/* Begin XCBuildConfiguration section */
		1A969B3A237FFCAF00CA824F /* Debug */ = {
			isa = XCBuildConfiguration;
			baseConfigurationReference = 06AF3C071C7722EE82D68405 /* Pods-NyBestArticlesTests.debug.xcconfig */;
			buildSettings = {
				BUNDLE_LOADER = "$(TEST_HOST)";
				CODE_SIGN_STYLE = Automatic;
				DEVELOPMENT_TEAM = TJ7AMS27YU;
				INFOPLIST_FILE = NyBestArticlesTests/Info.plist;
				IPHONEOS_DEPLOYMENT_TARGET = 13.2;
				LD_RUNPATH_SEARCH_PATHS = (
					"$(inherited)",
					"@executable_path/Frameworks",
					"@loader_path/Frameworks",
				);
				PRODUCT_BUNDLE_IDENTIFIER = me.sadmansamee.NyBestArticlesTests;
				PRODUCT_NAME = "$(TARGET_NAME)";
				SWIFT_VERSION = 5.0;
				TARGETED_DEVICE_FAMILY = "1,2";
				TEST_HOST = "$(BUILT_PRODUCTS_DIR)/NyBestArticles.app/NyBestArticles";
			};
			name = Debug;
		};
		1A969B3B237FFCAF00CA824F /* Release */ = {
			isa = XCBuildConfiguration;
			baseConfigurationReference = 868616A4AB5A10B6E6111D1A /* Pods-NyBestArticlesTests.release.xcconfig */;
			buildSettings = {
				BUNDLE_LOADER = "$(TEST_HOST)";
				CODE_SIGN_STYLE = Automatic;
				DEVELOPMENT_TEAM = TJ7AMS27YU;
				INFOPLIST_FILE = NyBestArticlesTests/Info.plist;
				IPHONEOS_DEPLOYMENT_TARGET = 13.2;
				LD_RUNPATH_SEARCH_PATHS = (
					"$(inherited)",
					"@executable_path/Frameworks",
					"@loader_path/Frameworks",
				);
				PRODUCT_BUNDLE_IDENTIFIER = me.sadmansamee.NyBestArticlesTests;
				PRODUCT_NAME = "$(TARGET_NAME)";
				SWIFT_VERSION = 5.0;
				TARGETED_DEVICE_FAMILY = "1,2";
				TEST_HOST = "$(BUILT_PRODUCTS_DIR)/NyBestArticles.app/NyBestArticles";
			};
			name = Release;
		};
		1ADC8541234C58670019AC62 /* Debug */ = {
			isa = XCBuildConfiguration;
			buildSettings = {
				ALWAYS_SEARCH_USER_PATHS = NO;
				CLANG_ANALYZER_NONNULL = YES;
				CLANG_ANALYZER_NUMBER_OBJECT_CONVERSION = YES_AGGRESSIVE;
				CLANG_CXX_LANGUAGE_STANDARD = "gnu++14";
				CLANG_CXX_LIBRARY = "libc++";
				CLANG_ENABLE_MODULES = YES;
				CLANG_ENABLE_OBJC_ARC = YES;
				CLANG_ENABLE_OBJC_WEAK = YES;
				CLANG_WARN_BLOCK_CAPTURE_AUTORELEASING = YES;
				CLANG_WARN_BOOL_CONVERSION = YES;
				CLANG_WARN_COMMA = YES;
				CLANG_WARN_CONSTANT_CONVERSION = YES;
				CLANG_WARN_DEPRECATED_OBJC_IMPLEMENTATIONS = YES;
				CLANG_WARN_DIRECT_OBJC_ISA_USAGE = YES_ERROR;
				CLANG_WARN_DOCUMENTATION_COMMENTS = YES;
				CLANG_WARN_EMPTY_BODY = YES;
				CLANG_WARN_ENUM_CONVERSION = YES;
				CLANG_WARN_INFINITE_RECURSION = YES;
				CLANG_WARN_INT_CONVERSION = YES;
				CLANG_WARN_NON_LITERAL_NULL_CONVERSION = YES;
				CLANG_WARN_OBJC_IMPLICIT_RETAIN_SELF = YES;
				CLANG_WARN_OBJC_LITERAL_CONVERSION = YES;
				CLANG_WARN_OBJC_ROOT_CLASS = YES_ERROR;
				CLANG_WARN_RANGE_LOOP_ANALYSIS = YES;
				CLANG_WARN_STRICT_PROTOTYPES = YES;
				CLANG_WARN_SUSPICIOUS_MOVE = YES;
				CLANG_WARN_UNGUARDED_AVAILABILITY = YES_AGGRESSIVE;
				CLANG_WARN_UNREACHABLE_CODE = YES;
				CLANG_WARN__DUPLICATE_METHOD_MATCH = YES;
				COPY_PHASE_STRIP = NO;
				DEBUG_INFORMATION_FORMAT = dwarf;
				ENABLE_STRICT_OBJC_MSGSEND = YES;
				ENABLE_TESTABILITY = YES;
				GCC_C_LANGUAGE_STANDARD = gnu11;
				GCC_DYNAMIC_NO_PIC = NO;
				GCC_NO_COMMON_BLOCKS = YES;
				GCC_OPTIMIZATION_LEVEL = 0;
				GCC_PREPROCESSOR_DEFINITIONS = (
					"DEBUG=1",
					"$(inherited)",
				);
				GCC_WARN_64_TO_32_BIT_CONVERSION = YES;
				GCC_WARN_ABOUT_RETURN_TYPE = YES_ERROR;
				GCC_WARN_UNDECLARED_SELECTOR = YES;
				GCC_WARN_UNINITIALIZED_AUTOS = YES_AGGRESSIVE;
				GCC_WARN_UNUSED_FUNCTION = YES;
				GCC_WARN_UNUSED_VARIABLE = YES;
				IPHONEOS_DEPLOYMENT_TARGET = 10.1;
				MTL_ENABLE_DEBUG_INFO = INCLUDE_SOURCE;
				MTL_FAST_MATH = YES;
				ONLY_ACTIVE_ARCH = YES;
				SDKROOT = iphoneos;
				SWIFT_ACTIVE_COMPILATION_CONDITIONS = DEBUG;
				SWIFT_OPTIMIZATION_LEVEL = "-Onone";
			};
			name = Debug;
		};
		1ADC8542234C58670019AC62 /* Release */ = {
			isa = XCBuildConfiguration;
			buildSettings = {
				ALWAYS_SEARCH_USER_PATHS = NO;
				CLANG_ANALYZER_NONNULL = YES;
				CLANG_ANALYZER_NUMBER_OBJECT_CONVERSION = YES_AGGRESSIVE;
				CLANG_CXX_LANGUAGE_STANDARD = "gnu++14";
				CLANG_CXX_LIBRARY = "libc++";
				CLANG_ENABLE_MODULES = YES;
				CLANG_ENABLE_OBJC_ARC = YES;
				CLANG_ENABLE_OBJC_WEAK = YES;
				CLANG_WARN_BLOCK_CAPTURE_AUTORELEASING = YES;
				CLANG_WARN_BOOL_CONVERSION = YES;
				CLANG_WARN_COMMA = YES;
				CLANG_WARN_CONSTANT_CONVERSION = YES;
				CLANG_WARN_DEPRECATED_OBJC_IMPLEMENTATIONS = YES;
				CLANG_WARN_DIRECT_OBJC_ISA_USAGE = YES_ERROR;
				CLANG_WARN_DOCUMENTATION_COMMENTS = YES;
				CLANG_WARN_EMPTY_BODY = YES;
				CLANG_WARN_ENUM_CONVERSION = YES;
				CLANG_WARN_INFINITE_RECURSION = YES;
				CLANG_WARN_INT_CONVERSION = YES;
				CLANG_WARN_NON_LITERAL_NULL_CONVERSION = YES;
				CLANG_WARN_OBJC_IMPLICIT_RETAIN_SELF = YES;
				CLANG_WARN_OBJC_LITERAL_CONVERSION = YES;
				CLANG_WARN_OBJC_ROOT_CLASS = YES_ERROR;
				CLANG_WARN_RANGE_LOOP_ANALYSIS = YES;
				CLANG_WARN_STRICT_PROTOTYPES = YES;
				CLANG_WARN_SUSPICIOUS_MOVE = YES;
				CLANG_WARN_UNGUARDED_AVAILABILITY = YES_AGGRESSIVE;
				CLANG_WARN_UNREACHABLE_CODE = YES;
				CLANG_WARN__DUPLICATE_METHOD_MATCH = YES;
				COPY_PHASE_STRIP = NO;
				DEBUG_INFORMATION_FORMAT = "dwarf-with-dsym";
				ENABLE_NS_ASSERTIONS = NO;
				ENABLE_STRICT_OBJC_MSGSEND = YES;
				GCC_C_LANGUAGE_STANDARD = gnu11;
				GCC_NO_COMMON_BLOCKS = YES;
				GCC_WARN_64_TO_32_BIT_CONVERSION = YES;
				GCC_WARN_ABOUT_RETURN_TYPE = YES_ERROR;
				GCC_WARN_UNDECLARED_SELECTOR = YES;
				GCC_WARN_UNINITIALIZED_AUTOS = YES_AGGRESSIVE;
				GCC_WARN_UNUSED_FUNCTION = YES;
				GCC_WARN_UNUSED_VARIABLE = YES;
				IPHONEOS_DEPLOYMENT_TARGET = 10.1;
				MTL_ENABLE_DEBUG_INFO = NO;
				MTL_FAST_MATH = YES;
				SDKROOT = iphoneos;
				SWIFT_COMPILATION_MODE = wholemodule;
				SWIFT_OPTIMIZATION_LEVEL = "-O";
				VALIDATE_PRODUCT = YES;
			};
			name = Release;
		};
		1ADC8544234C58670019AC62 /* Debug */ = {
			isa = XCBuildConfiguration;
			baseConfigurationReference = 1B88B91617176ABDCE0B6802 /* Pods-NyBestArticles.debug.xcconfig */;
			buildSettings = {
				ASSETCATALOG_COMPILER_APPICON_NAME = AppIcon;
				CODE_SIGN_STYLE = Automatic;
				DEVELOPMENT_TEAM = TJ7AMS27YU;
				INFOPLIST_FILE = NyBestArticles/Info.plist;
				LD_RUNPATH_SEARCH_PATHS = (
					"$(inherited)",
					"@executable_path/Frameworks",
				);
				PRODUCT_BUNDLE_IDENTIFIER = me.sadmansamee.NyBestArticles;
				PRODUCT_NAME = NyBestArticles;
				SWIFT_VERSION = 5.0;
				TARGETED_DEVICE_FAMILY = "1,2";
			};
			name = Debug;
		};
		1ADC8545234C58670019AC62 /* Release */ = {
			isa = XCBuildConfiguration;
			baseConfigurationReference = 3C6E23E841ED9663D0C66C15 /* Pods-NyBestArticles.release.xcconfig */;
			buildSettings = {
				ASSETCATALOG_COMPILER_APPICON_NAME = AppIcon;
				CODE_SIGN_STYLE = Automatic;
				DEVELOPMENT_TEAM = TJ7AMS27YU;
				INFOPLIST_FILE = NyBestArticles/Info.plist;
				LD_RUNPATH_SEARCH_PATHS = (
					"$(inherited)",
					"@executable_path/Frameworks",
				);
				PRODUCT_BUNDLE_IDENTIFIER = me.sadmansamee.NyBestArticles;
				PRODUCT_NAME = NyBestArticles;
				SWIFT_VERSION = 5.0;
				TARGETED_DEVICE_FAMILY = "1,2";
			};
			name = Release;
		};
/* End XCBuildConfiguration section */

/* Begin XCConfigurationList section */
		1A969B39237FFCAF00CA824F /* Build configuration list for PBXNativeTarget "NyBestArticlesTests" */ = {
			isa = XCConfigurationList;
			buildConfigurations = (
				1A969B3A237FFCAF00CA824F /* Debug */,
				1A969B3B237FFCAF00CA824F /* Release */,
			);
			defaultConfigurationIsVisible = 0;
			defaultConfigurationName = Release;
		};
		1ADC8514234C58650019AC62 /* Build configuration list for PBXProject "NyBestArticles" */ = {
			isa = XCConfigurationList;
			buildConfigurations = (
				1ADC8541234C58670019AC62 /* Debug */,
				1ADC8542234C58670019AC62 /* Release */,
			);
			defaultConfigurationIsVisible = 0;
			defaultConfigurationName = Release;
		};
		1ADC8543234C58670019AC62 /* Build configuration list for PBXNativeTarget "NyBestArticles" */ = {
			isa = XCConfigurationList;
			buildConfigurations = (
				1ADC8544234C58670019AC62 /* Debug */,
				1ADC8545234C58670019AC62 /* Release */,
			);
			defaultConfigurationIsVisible = 0;
			defaultConfigurationName = Release;
		};
/* End XCConfigurationList section */
	};
	rootObject = 1ADC8511234C58650019AC62 /* Project object */;
}
